
Microsoft Visual Studio Solution File, Format Version 12.00
Project("{2150E333-8FDC-42A3-9474-1A3956D46DE8}") = "src", "src", "{F4BE090C-3A78-42FB-812E-25009BA81499}"
EndProject
Project("{2150E333-8FDC-42A3-9474-1A3956D46DE8}") = "tests", "tests", "{6837E04C-BF92-4A8C-8C73-859ABBD60D9E}"
EndProject
Project("{FAE04EC0-301F-11D3-BF4B-00C04F79EFBC}") = "Application", "src\Application\Application.csproj", "{BC18889D-0EF7-4FCC-9385-8AE1B6197506}"
EndProject
Project("{FAE04EC0-301F-11D3-BF4B-00C04F79EFBC}") = "GraphBuilder", "src\GraphBuilder\GraphBuilder.csproj", "{B4BEB7E3-4073-4C0E-B635-14362A96E7FE}"
EndProject
Project("{FAE04EC0-301F-11D3-BF4B-00C04F79EFBC}") = "Persistence", "src\Persistence\Persistence.csproj", "{D5AA9BD2-0E7C-4350-8127-01346DE8F68C}"
EndProject
Project("{FAE04EC0-301F-11D3-BF4B-00C04F79EFBC}") = "Settings", "src\Settings\Settings.csproj", "{A4FC78E8-E4E5-4BEE-9B1F-ACB16EA9B148}"
EndProject
Project("{FAE04EC0-301F-11D3-BF4B-00C04F79EFBC}") = "Persistence.Tests", "tests\Persistence.Tests\Persistence.Tests.csproj", "{9D55FD3A-5C70-4829-B4A5-708D2880EF49}"
EndProject
Global
	GlobalSection(SolutionConfigurationPlatforms) = preSolution
		Debug|Any CPU = Debug|Any CPU
		Release|Any CPU = Release|Any CPU
	EndGlobalSection
	GlobalSection(NestedProjects) = preSolution
		{BC18889D-0EF7-4FCC-9385-8AE1B6197506} = {F4BE090C-3A78-42FB-812E-25009BA81499}
		{B4BEB7E3-4073-4C0E-B635-14362A96E7FE} = {F4BE090C-3A78-42FB-812E-25009BA81499}
		{D5AA9BD2-0E7C-4350-8127-01346DE8F68C} = {F4BE090C-3A78-42FB-812E-25009BA81499}
		{A4FC78E8-E4E5-4BEE-9B1F-ACB16EA9B148} = {F4BE090C-3A78-42FB-812E-25009BA81499}
		{9D55FD3A-5C70-4829-B4A5-708D2880EF49} = {6837E04C-BF92-4A8C-8C73-859ABBD60D9E}
	EndGlobalSection
	GlobalSection(ProjectConfigurationPlatforms) = postSolution
		{BC18889D-0EF7-4FCC-9385-8AE1B6197506}.Debug|Any CPU.ActiveCfg = Debug|Any CPU
		{BC18889D-0EF7-4FCC-9385-8AE1B6197506}.Debug|Any CPU.Build.0 = Debug|Any CPU
		{BC18889D-0EF7-4FCC-9385-8AE1B6197506}.Release|Any CPU.ActiveCfg = Release|Any CPU
		{BC18889D-0EF7-4FCC-9385-8AE1B6197506}.Release|Any CPU.Build.0 = Release|Any CPU
		{B4BEB7E3-4073-4C0E-B635-14362A96E7FE}.Debug|Any CPU.ActiveCfg = Debug|Any CPU
		{B4BEB7E3-4073-4C0E-B635-14362A96E7FE}.Debug|Any CPU.Build.0 = Debug|Any CPU
		{B4BEB7E3-4073-4C0E-B635-14362A96E7FE}.Release|Any CPU.ActiveCfg = Release|Any CPU
		{B4BEB7E3-4073-4C0E-B635-14362A96E7FE}.Release|Any CPU.Build.0 = Release|Any CPU
		{D5AA9BD2-0E7C-4350-8127-01346DE8F68C}.Debug|Any CPU.ActiveCfg = Debug|Any CPU
		{D5AA9BD2-0E7C-4350-8127-01346DE8F68C}.Debug|Any CPU.Build.0 = Debug|Any CPU
		{D5AA9BD2-0E7C-4350-8127-01346DE8F68C}.Release|Any CPU.ActiveCfg = Release|Any CPU
		{D5AA9BD2-0E7C-4350-8127-01346DE8F68C}.Release|Any CPU.Build.0 = Release|Any CPU
		{A4FC78E8-E4E5-4BEE-9B1F-ACB16EA9B148}.Debug|Any CPU.ActiveCfg = Debug|Any CPU
		{A4FC78E8-E4E5-4BEE-9B1F-ACB16EA9B148}.Debug|Any CPU.Build.0 = Debug|Any CPU
		{A4FC78E8-E4E5-4BEE-9B1F-ACB16EA9B148}.Release|Any CPU.ActiveCfg = Release|Any CPU
		{A4FC78E8-E4E5-4BEE-9B1F-ACB16EA9B148}.Release|Any CPU.Build.0 = Release|Any CPU
		{9D55FD3A-5C70-4829-B4A5-708D2880EF49}.Debug|Any CPU.ActiveCfg = Debug|Any CPU
		{9D55FD3A-5C70-4829-B4A5-708D2880EF49}.Debug|Any CPU.Build.0 = Debug|Any CPU
		{9D55FD3A-5C70-4829-B4A5-708D2880EF49}.Release|Any CPU.ActiveCfg = Release|Any CPU
		{9D55FD3A-5C70-4829-B4A5-708D2880EF49}.Release|Any CPU.Build.0 = Release|Any CPU
	EndGlobalSection
EndGlobal
