
Microsoft Visual Studio Solution File, Format Version 12.00
Project("{2150E333-8FDC-42A3-9474-1A3956D46DE8}") = "src", "src", "{F4BE090C-3A78-42FB-812E-25009BA81499}"
EndProject
Project("{2150E333-8FDC-42A3-9474-1A3956D46DE8}") = "tests", "tests", "{6837E04C-BF92-4A8C-8C73-859ABBD60D9E}"
EndProject
Project("{FAE04EC0-301F-11D3-BF4B-00C04F79EFBC}") = "GraphBuilding", "src\GraphBuilding\GraphBuilding.csproj", "{B4BEB7E3-4073-4C0E-B635-14362A96E7FE}"
EndProject
Project("{FAE04EC0-301F-11D3-BF4B-00C04F79EFBC}") = "Persistence", "src\Persistence\Persistence.csproj", "{D5AA9BD2-0E7C-4350-8127-01346DE8F68C}"
EndProject
Project("{FAE04EC0-301F-11D3-BF4B-00C04F79EFBC}") = "Settings", "src\Settings\Settings.csproj", "{A4FC78E8-E4E5-4BEE-9B1F-ACB16EA9B148}"
EndProject
Project("{FAE04EC0-301F-11D3-BF4B-00C04F79EFBC}") = "Persistence.Tests", "tests\Persistence.Tests\Persistence.Tests.csproj", "{9D55FD3A-5C70-4829-B4A5-708D2880EF49}"
EndProject
Project("{FAE04EC0-301F-11D3-BF4B-00C04F79EFBC}") = "GraphBuilding.Tests", "tests\GraphBuilding.Tests\GraphBuilding.Tests.csproj", "{95CEEA1C-E161-4217-BC95-D197A891DF12}"
EndProject
Project("{FAE04EC0-301F-11D3-BF4B-00C04F79EFBC}") = "API", "src\API\API.csproj", "{49FB3CE7-D89A-41B1-A768-22A7B8179067}"
EndProject
Project("{FAE04EC0-301F-11D3-BF4B-00C04F79EFBC}") = "GraphUpdater", "src\GraphUpdater\GraphUpdater.csproj", "{DF4FB37B-078B-493E-8C80-412798C4B597}"
EndProject
Project("{FAE04EC0-301F-11D3-BF4B-00C04F79EFBC}") = "Routing", "src\Routing\Routing.csproj", "{79EAD3BF-1ECF-4F0D-95F4-2F1E1487396B}"
EndProject
Project("{FAE04EC0-301F-11D3-BF4B-00C04F79EFBC}") = "Core", "src\Core\Core.csproj", "{734122CB-9403-468D-BDC8-76DF62947CCD}"
EndProject
Project("{FAE04EC0-301F-11D3-BF4B-00C04F79EFBC}") = "TestUtils", "tests\TestUtils\TestUtils.csproj", "{8ED7B828-169E-4A6F-8BA0-8DAECAAF028D}"
EndProject
Project("{FAE04EC0-301F-11D3-BF4B-00C04F79EFBC}") = "API.Tests", "tests\API.Tests\API.Tests.csproj", "{12FD0E96-DA25-4717-A4BD-F1B92ED02D6A}"
EndProject
Global
	GlobalSection(SolutionConfigurationPlatforms) = preSolution
		Debug|Any CPU = Debug|Any CPU
		Release|Any CPU = Release|Any CPU
	EndGlobalSection
	GlobalSection(NestedProjects) = preSolution
		{B4BEB7E3-4073-4C0E-B635-14362A96E7FE} = {F4BE090C-3A78-42FB-812E-25009BA81499}
		{D5AA9BD2-0E7C-4350-8127-01346DE8F68C} = {F4BE090C-3A78-42FB-812E-25009BA81499}
		{A4FC78E8-E4E5-4BEE-9B1F-ACB16EA9B148} = {F4BE090C-3A78-42FB-812E-25009BA81499}
		{9D55FD3A-5C70-4829-B4A5-708D2880EF49} = {6837E04C-BF92-4A8C-8C73-859ABBD60D9E}
		{95CEEA1C-E161-4217-BC95-D197A891DF12} = {6837E04C-BF92-4A8C-8C73-859ABBD60D9E}
		{49FB3CE7-D89A-41B1-A768-22A7B8179067} = {F4BE090C-3A78-42FB-812E-25009BA81499}
		{DF4FB37B-078B-493E-8C80-412798C4B597} = {F4BE090C-3A78-42FB-812E-25009BA81499}
		{79EAD3BF-1ECF-4F0D-95F4-2F1E1487396B} = {F4BE090C-3A78-42FB-812E-25009BA81499}
		{734122CB-9403-468D-BDC8-76DF62947CCD} = {F4BE090C-3A78-42FB-812E-25009BA81499}
		{8ED7B828-169E-4A6F-8BA0-8DAECAAF028D} = {6837E04C-BF92-4A8C-8C73-859ABBD60D9E}
		{12FD0E96-DA25-4717-A4BD-F1B92ED02D6A} = {6837E04C-BF92-4A8C-8C73-859ABBD60D9E}
	EndGlobalSection
	GlobalSection(ProjectConfigurationPlatforms) = postSolution
		{B4BEB7E3-4073-4C0E-B635-14362A96E7FE}.Debug|Any CPU.ActiveCfg = Debug|Any CPU
		{B4BEB7E3-4073-4C0E-B635-14362A96E7FE}.Debug|Any CPU.Build.0 = Debug|Any CPU
		{B4BEB7E3-4073-4C0E-B635-14362A96E7FE}.Release|Any CPU.ActiveCfg = Release|Any CPU
		{B4BEB7E3-4073-4C0E-B635-14362A96E7FE}.Release|Any CPU.Build.0 = Release|Any CPU
		{D5AA9BD2-0E7C-4350-8127-01346DE8F68C}.Debug|Any CPU.ActiveCfg = Debug|Any CPU
		{D5AA9BD2-0E7C-4350-8127-01346DE8F68C}.Debug|Any CPU.Build.0 = Debug|Any CPU
		{D5AA9BD2-0E7C-4350-8127-01346DE8F68C}.Release|Any CPU.ActiveCfg = Release|Any CPU
		{D5AA9BD2-0E7C-4350-8127-01346DE8F68C}.Release|Any CPU.Build.0 = Release|Any CPU
		{A4FC78E8-E4E5-4BEE-9B1F-ACB16EA9B148}.Debug|Any CPU.ActiveCfg = Debug|Any CPU
		{A4FC78E8-E4E5-4BEE-9B1F-ACB16EA9B148}.Debug|Any CPU.Build.0 = Debug|Any CPU
		{A4FC78E8-E4E5-4BEE-9B1F-ACB16EA9B148}.Release|Any CPU.ActiveCfg = Release|Any CPU
		{A4FC78E8-E4E5-4BEE-9B1F-ACB16EA9B148}.Release|Any CPU.Build.0 = Release|Any CPU
		{9D55FD3A-5C70-4829-B4A5-708D2880EF49}.Debug|Any CPU.ActiveCfg = Debug|Any CPU
		{9D55FD3A-5C70-4829-B4A5-708D2880EF49}.Debug|Any CPU.Build.0 = Debug|Any CPU
		{9D55FD3A-5C70-4829-B4A5-708D2880EF49}.Release|Any CPU.ActiveCfg = Release|Any CPU
		{9D55FD3A-5C70-4829-B4A5-708D2880EF49}.Release|Any CPU.Build.0 = Release|Any CPU
		{95CEEA1C-E161-4217-BC95-D197A891DF12}.Debug|Any CPU.ActiveCfg = Debug|Any CPU
		{95CEEA1C-E161-4217-BC95-D197A891DF12}.Debug|Any CPU.Build.0 = Debug|Any CPU
		{95CEEA1C-E161-4217-BC95-D197A891DF12}.Release|Any CPU.ActiveCfg = Release|Any CPU
		{95CEEA1C-E161-4217-BC95-D197A891DF12}.Release|Any CPU.Build.0 = Release|Any CPU
		{49FB3CE7-D89A-41B1-A768-22A7B8179067}.Debug|Any CPU.ActiveCfg = Debug|Any CPU
		{49FB3CE7-D89A-41B1-A768-22A7B8179067}.Debug|Any CPU.Build.0 = Debug|Any CPU
		{49FB3CE7-D89A-41B1-A768-22A7B8179067}.Release|Any CPU.ActiveCfg = Release|Any CPU
		{49FB3CE7-D89A-41B1-A768-22A7B8179067}.Release|Any CPU.Build.0 = Release|Any CPU
		{DF4FB37B-078B-493E-8C80-412798C4B597}.Debug|Any CPU.ActiveCfg = Debug|Any CPU
		{DF4FB37B-078B-493E-8C80-412798C4B597}.Debug|Any CPU.Build.0 = Debug|Any CPU
		{DF4FB37B-078B-493E-8C80-412798C4B597}.Release|Any CPU.ActiveCfg = Release|Any CPU
		{DF4FB37B-078B-493E-8C80-412798C4B597}.Release|Any CPU.Build.0 = Release|Any CPU
		{79EAD3BF-1ECF-4F0D-95F4-2F1E1487396B}.Debug|Any CPU.ActiveCfg = Debug|Any CPU
		{79EAD3BF-1ECF-4F0D-95F4-2F1E1487396B}.Debug|Any CPU.Build.0 = Debug|Any CPU
		{79EAD3BF-1ECF-4F0D-95F4-2F1E1487396B}.Release|Any CPU.ActiveCfg = Release|Any CPU
		{79EAD3BF-1ECF-4F0D-95F4-2F1E1487396B}.Release|Any CPU.Build.0 = Release|Any CPU
		{734122CB-9403-468D-BDC8-76DF62947CCD}.Debug|Any CPU.ActiveCfg = Debug|Any CPU
		{734122CB-9403-468D-BDC8-76DF62947CCD}.Debug|Any CPU.Build.0 = Debug|Any CPU
		{734122CB-9403-468D-BDC8-76DF62947CCD}.Release|Any CPU.ActiveCfg = Release|Any CPU
		{734122CB-9403-468D-BDC8-76DF62947CCD}.Release|Any CPU.Build.0 = Release|Any CPU
		{8ED7B828-169E-4A6F-8BA0-8DAECAAF028D}.Debug|Any CPU.ActiveCfg = Debug|Any CPU
		{8ED7B828-169E-4A6F-8BA0-8DAECAAF028D}.Debug|Any CPU.Build.0 = Debug|Any CPU
		{8ED7B828-169E-4A6F-8BA0-8DAECAAF028D}.Release|Any CPU.ActiveCfg = Release|Any CPU
		{8ED7B828-169E-4A6F-8BA0-8DAECAAF028D}.Release|Any CPU.Build.0 = Release|Any CPU
		{12FD0E96-DA25-4717-A4BD-F1B92ED02D6A}.Debug|Any CPU.ActiveCfg = Debug|Any CPU
		{12FD0E96-DA25-4717-A4BD-F1B92ED02D6A}.Debug|Any CPU.Build.0 = Debug|Any CPU
		{12FD0E96-DA25-4717-A4BD-F1B92ED02D6A}.Release|Any CPU.ActiveCfg = Release|Any CPU
		{12FD0E96-DA25-4717-A4BD-F1B92ED02D6A}.Release|Any CPU.Build.0 = Release|Any CPU
	EndGlobalSection
EndGlobal
